{
  "version": "5",
  "specifiers": {
    "jsr:@supabase/functions-js@*": "2.98.0"
  },
  "jsr": {
    "@supabase/functions-js@2.98.0": {
      "integrity": "1925444dea4f040f8e840a31067aa06315fcb658f5abf2161504763d220d00e8"
    }
  },
  "redirects": {
    "https://esm.sh/@supabase/supabase-js@2": "https://esm.sh/@supabase/supabase-js@2.98.0",
    "https://esm.sh/@types/react@~19.0.7/index.d.ts": "https://esm.sh/@types/react@19.0.14/index.d.ts"
  },
  "remote": {
    "https://deno.land/std@0.168.0/_util/asserts.ts": "d0844e9b62510f89ce1f9878b046f6a57bf88f208a10304aab50efcb48365272",
    "https://deno.land/std@0.168.0/_util/os.ts": "8a33345f74990e627b9dfe2de9b040004b08ea5146c7c9e8fe9a29070d193934",
    "https://deno.land/std@0.168.0/async/abortable.ts": "80b2ac399f142cc528f95a037a7d0e653296352d95c681e284533765961de409",
    "https://deno.land/std@0.168.0/async/deadline.ts": "2c2deb53c7c28ca1dda7a3ad81e70508b1ebc25db52559de6b8636c9278fd41f",
    "https://deno.land/std@0.168.0/async/debounce.ts": "60301ffb37e730cd2d6f9dadfd0ecb2a38857681bd7aaf6b0a106b06e5210a98",
    "https://deno.land/std@0.168.0/async/deferred.ts": "77d3f84255c3627f1cc88699d8472b664d7635990d5358c4351623e098e917d6",
    "https://deno.land/std@0.168.0/async/delay.ts": "5a9bfba8de38840308a7a33786a0155a7f6c1f7a859558ddcec5fe06e16daf57",
    "https://deno.land/std@0.168.0/async/mod.ts": "7809ad4bb223e40f5fdc043e5c7ca04e0e25eed35c32c3c32e28697c553fa6d9",
    "https://deno.land/std@0.168.0/async/mux_async_iterator.ts": "770a0ff26c59f8bbbda6b703a2235f04e379f73238e8d66a087edc68c2a2c35f",
    "https://deno.land/std@0.168.0/async/pool.ts": "6854d8cd675a74c73391c82005cbbe4cc58183bddcd1fbbd7c2bcda42b61cf69",
    "https://deno.land/std@0.168.0/async/retry.ts": "e8e5173623915bbc0ddc537698fa418cf875456c347eda1ed453528645b42e67",
    "https://deno.land/std@0.168.0/async/tee.ts": "3a47cc4e9a940904fd4341f0224907e199121c80b831faa5ec2b054c6d2eff5e",
    "https://deno.land/std@0.168.0/bytes/index_of_needle.ts": "19db73583cf6e038ca7763dd9fe9b9f2733ffa8be530d7b42f52bc9f3c2ee989",
    "https://deno.land/std@0.168.0/crypto/_fnv/fnv32.ts": "aa9bddead8c6345087d3abd4ef35fb9655622afc333fc41fff382b36e64280b5",
    "https://deno.land/std@0.168.0/crypto/_fnv/fnv64.ts": "625d7e7505b6cb2e9801b5fd6ed0a89256bac12b2bbb3e4664b85a88b0ec5bef",
    "https://deno.land/std@0.168.0/crypto/_fnv/index.ts": "a8f6a361b4c6d54e5e89c16098f99b6962a1dd6ad1307dbc97fa1ecac5d7060a",
    "https://deno.land/std@0.168.0/crypto/_fnv/util.ts": "4848313bed7f00f55be3cb080aa0583fc007812ba965b03e4009665bde614ce3",
    "https://deno.land/std@0.168.0/crypto/_wasm/lib/deno_std_wasm_crypto.generated.mjs": "71c1ac20f32fdbdc9b31a14917779c7fa392dbc8b050059cbb2c35b400b975b1",
    "https://deno.land/std@0.168.0/crypto/_wasm/mod.ts": "b49ec171049bbbaaed3c5a5a71dfcb3d09f880607c8d9c517638d0443bd0f874",
    "https://deno.land/std@0.168.0/crypto/keystack.ts": "ee8ee58ca876f619cef56f40127405f77f9738f50a459b6ba44234b3a2cb6cc8",
    "https://deno.land/std@0.168.0/crypto/mod.ts": "f953406904aa4257a6c76c40eb74b47d8dad83af8a77f33a4639cbac6d311baf",
    "https://deno.land/std@0.168.0/crypto/timing_safe_equal.ts": "3784958e40a5fe10429a68b75cc5f8d34356bf0bc2eb93c80c3033e2a6f17821",
    "https://deno.land/std@0.168.0/crypto/util.ts": "93fc9dbaa62421538ad60ee65337cbf1d8a0298fac3c4f70b37e5627e7e129eb",
    "https://deno.land/std@0.168.0/encoding/base64.ts": "8605e018e49211efc767686f6f687827d7f5fd5217163e981d8d693105640d7a",
    "https://deno.land/std@0.168.0/encoding/base64url.ts": "0283b12fcd306c11e3cf26fc022fecc800c6acc19704ea8bdb3908898fcd06d6",
    "https://deno.land/std@0.168.0/encoding/hex.ts": "b51e99b684486a3ad2406807a8be953f5ef8bac95af202774a759f9fcf0d87a6",
    "https://deno.land/std@0.168.0/flags/mod.ts": "4f50ec6383c02684db35de38b3ffb2cd5b9fcfcc0b1147055d1980c49e82521c",
    "https://deno.land/std@0.168.0/http/server.ts": "e99c1bee8a3f6571ee4cdeb2966efad465b8f6fe62bec1bdb59c1f007cc4d155",
    "https://deno.land/std@0.168.0/node/_core.ts": "92e000441742387f7ded7cc582ca4089c0bc13aa5f00cecdfa4876dc832dfd10",
    "https://deno.land/std@0.168.0/node/_crypto/crypto_browserify/asn1.js/base/buffer.js": "73beb8294eb29bd61458bbaaeeb51dfad4ec9c9868a62207a061d908f1637261",
    "https://deno.land/std@0.168.0/node/_crypto/crypto_browserify/asn1.js/base/node.js": "88f931593f8a560a8b15acfb7878a7e21d3619d6ea29d5d1a77f3dc2f69bc969",
    "https://deno.land/std@0.168.0/node/_crypto/crypto_browserify/asn1.js/base/reporter.js": "8e4886e8ae311c9a92caf58bbbd8670326ceeae97430f4884e558e4acf8e8598",
    "https://deno.land/std@0.168.0/node/_crypto/crypto_browserify/asn1.js/constants/der.js": "354b255479bff22a31d25bf08b217a295071700e37d0991cc05cac9f95e5e7ca",
    "https://deno.land/std@0.168.0/node/_crypto/crypto_browserify/asn1.js/decoders/der.js": "c6faf66761daa43fbf79221308443893587c317774047b508a04c570713b76fb",
    "https://deno.land/std@0.168.0/node/_crypto/crypto_browserify/asn1.js/decoders/pem.js": "8316ef7ce2ce478bc3dc1e9df1b75225d1eb8fb5d1378f8adf0cf19ecea5b501",
    "https://deno.land/std@0.168.0/node/_crypto/crypto_browserify/asn1.js/encoders/der.js": "408336c88d17c5605ea64081261cf42267d8f9fda90098cb560aa6635bb00877",
    "https://deno.land/std@0.168.0/node/_crypto/crypto_browserify/asn1.js/encoders/pem.js": "42a00c925b68c0858d6de0ba41ab89935b39fae9117bbf72a9abb2f4b755a2e7",
    "https://deno.land/std@0.168.0/node/_crypto/crypto_browserify/asn1.js/mod.js": "7b78859707be10a0a1e4faccdd28cd5a4f71ad74a3e7bebda030757da97cd232",
    "https://deno.land/std@0.168.0/node/_crypto/crypto_browserify/bn.js/bn.js": "abd1badd659fd0ae54e6a421a573a25aef4e795edc392178360cf716b144286d",
    "https://deno.land/std@0.168.0/node/_crypto/crypto_browserify/browserify_aes/aes.js": "1cf4c354c5bb341ffc9ab7207f471229835b021947225bce2e1642f26643847a",
    "https://deno.land/std@0.168.0/node/_crypto/crypto_browserify/browserify_aes/auth_cipher.js": "19b4dbb903e8406eb733176e6318d5e1a3bd382b67b72f7cf8e1c46cc6321ba4",
    "https://deno.land/std@0.168.0/node/_crypto/crypto_browserify/browserify_aes/decrypter.js": "05c1676942fd8e95837115bc2d1371bcf62e9bf19f6c3348870961fc64ddad0b",
    "https://deno.land/std@0.168.0/node/_crypto/crypto_browserify/browserify_aes/encrypter.js": "93ec98ab26fbeb5969eae2943e42fb66780f377b9b0ff0ecc32a9ed11201b142",
    "https://deno.land/std@0.168.0/node/_crypto/crypto_browserify/browserify_aes/ghash.js": "667b64845764a84f0096ef8cf7debed1a5f15ac9af26b379848237be57da399a",
    "https://deno.land/std@0.168.0/node/_crypto/crypto_browserify/browserify_aes/incr32.js": "4a7f0107753e4390b4ccc4dbd5200c5527d43f894f768e131903df30a09dfd67",
    "https://deno.land/std@0.168.0/node/_crypto/crypto_browserify/browserify_aes/mod.js": "d8eb88e7a317467831473621f32e60d7db9d981f6a2ae45d2fb2af170eab2d22",
    "https://deno.land/std@0.168.0/node/_crypto/crypto_browserify/browserify_aes/modes/cbc.js": "9790799cff181a074686c885708cb8eb473aeb3c86ff2e8d0ff911ae6c1e4431",
    "https://deno.land/std@0.168.0/node/_crypto/crypto_browserify/browserify_aes/modes/cfb.js": "a4e36ede6f26d8559d8f0528a134592761c706145a641bd9ad1100763e831cdb",
    "https://deno.land/std@0.168.0/node/_crypto/crypto_browserify/browserify_aes/modes/cfb1.js": "c6372f4973a68ca742682e81d1165e8869aaabf0091a8b963d4d60e5ee8e6f6a",
    "https://deno.land/std@0.168.0/node/_crypto/crypto_browserify/browserify_aes/modes/cfb8.js": "bd29eebb89199b056ff2441f7fb5e0300f458e13dcaaddbb8bc00cbdb199db67",
    "https://deno.land/std@0.168.0/node/_crypto/crypto_browserify/browserify_aes/modes/ctr.js": "9c2cbac1fc8f9b58334faacb98e6c57e8c3712f673ea4cf2d528a2894998ab2f",
    "https://deno.land/std@0.168.0/node/_crypto/crypto_browserify/browserify_aes/modes/ecb.js": "9629d193433688f0cfc432eca52838db0fb28d9eb4f45563df952bde50b59763",
    "https://deno.land/std@0.168.0/node/_crypto/crypto_browserify/browserify_aes/modes/mod.js": "7d8516ef8a20565539eb17cad5bb70add02ac06d1891e8f47cb981c22821787e",
    "https://deno.land/std@0.168.0/node/_crypto/crypto_browserify/browserify_aes/modes/ofb.js": "c23abaa6f1ec5343e9d7ba61d702acb3d81a0bd3d34dd2004e36975dc043d6ff",
    "https://deno.land/std@0.168.0/node/_crypto/crypto_browserify/browserify_aes/stream_cipher.js": "a533a03a2214c6b5934ce85a59eb1e04239fd6f429017c7ca3c443ec7e07e68f",
    "https://deno.land/std@0.168.0/node/_crypto/crypto_browserify/browserify_aes/xor.ts": "4417711c026eb9a07475067cd31fa601e88c2d6ababd606d33d1e74da6fcfd09",
    "https://deno.land/std@0.168.0/node/_crypto/crypto_browserify/browserify_rsa.js": "de8c98d2379a70d8c239b4886e2b3a11c7204eec39ae6b65d978d0d516ee6b08",
    "https://deno.land/std@0.168.0/node/_crypto/crypto_browserify/cipher_base.js": "f565ad9daf3b3dd3b68381bed848da94fb093a9e4e5a48c92f47e26cc229df39",
    "https://deno.land/std@0.168.0/node/_crypto/crypto_browserify/evp_bytes_to_key.ts": "006ecde1cc428b16f2d214637c35296279710b3a8d211dcf91d561c2cd692125",
    "https://deno.land/std@0.168.0/node/_crypto/crypto_browserify/parse_asn1/asn1.js": "4f33b0197ffbe9cff62e5bad266e6b40d55874ea653552bb32ed251ad091f70a",
    "https://deno.land/std@0.168.0/node/_crypto/crypto_browserify/parse_asn1/certificate.js": "aab306870830a81ad188db8fa8e037d7f5dd6c5abdabbd9739558245d1a12224",
    "https://deno.land/std@0.168.0/node/_crypto/crypto_browserify/parse_asn1/fix_proc.js": "af3052b76f441878e102ffcfc7420692e65777af765e96f786310ae1acf7f76a",
    "https://deno.land/std@0.168.0/node/_crypto/crypto_browserify/parse_asn1/mod.js": "9d445baecb55d4abbe6434be55d5bb7976ea752c3976a75b7e2684a7d440a576",
    "https://deno.land/std@0.168.0/node/_crypto/crypto_browserify/public_encrypt/mgf.js": "46cf72f2b9aa678a15daef8ed551241f2d0c1ca38b8b6c8e5226a4853540d7b2",
    "https://deno.land/std@0.168.0/node/_crypto/crypto_browserify/public_encrypt/mod.js": "eb8b64d7a58ee3823c1b642e799cc7ed1257d99f4d4aefa2b4796dd112ec094a",
    "https://deno.land/std@0.168.0/node/_crypto/crypto_browserify/public_encrypt/private_decrypt.js": "220de06bf9edcfa4def18c30a16aa0482b1ddc24f8712f46509e82b1e3be122c",
    "https://deno.land/std@0.168.0/node/_crypto/crypto_browserify/public_encrypt/public_encrypt.js": "4679188b9b38502ac21b5e1a5bcfbcd278f51854f5385aac8d9962d7c21b2a6e",
    "https://deno.land/std@0.168.0/node/_crypto/crypto_browserify/public_encrypt/with_public.js": "7373dac9b53b8331ccf3521c854a131dcb304a2e4d34cd116649118f7919ed0c",
    "https://deno.land/std@0.168.0/node/_crypto/crypto_browserify/public_encrypt/xor.js": "900c6fc8b95e1861d796193c41988f5f70a09c7059e42887a243d0113ecaf0fd",
    "https://deno.land/std@0.168.0/node/_crypto/crypto_browserify/randombytes.ts": "414e2a13f1ea79980acba7b4634821b7a636f1856eedbba7cce8fa528c11e9a0",
    "https://deno.land/std@0.168.0/node/_next_tick.ts": "81c1826675493b76f90c646fb1274a4c84b5cc913a80ca4526c32cd7c46a0b06",
    "https://deno.land/std@0.168.0/node/_process/exiting.ts": "bc9694769139ffc596f962087155a8bfef10101d03423b9dcbc51ce6e1f88fce",
    "https://deno.land/std@0.168.0/node/_process/process.ts": "d5bf113a4b62f4abe4cb7ec5a9d00d44dac0ad9e82a23d00cc27d71e05ae8b66",
    "https://deno.land/std@0.168.0/node/_process/stdio.mjs": "971c3b086040d8521562155db13f22f9971d5c42c852b2081d4d2f0d8b6ab6bd",
    "https://deno.land/std@0.168.0/node/_stream.mjs": "9a80217d9734f6e4284aae0ea55dd82b243f5517bc1814e983ad41b01732f712",
    "https://deno.land/std@0.168.0/node/_utils.ts": "1085a229e910b3a6672f3c3be05507591811dc67be2ae2188e9fc9ef4376b172",
    "https://deno.land/std@0.168.0/node/buffer.ts": "43f07b2d1523345bf35b7deb7fcdad6e916020a631a7bc1b5efcaff556db4e1d",
    "https://deno.land/std@0.168.0/node/crypto.ts": "1cdf38d3712a37f9d13ee85f535f664a7ce4aca970215f91328d310c9f59f922",
    "https://deno.land/std@0.168.0/node/events.ts": "f848398d3591534ca94ac6b852a9f3c4dbb2da310c3a26059cf4ff06b7eae088",
    "https://deno.land/std@0.168.0/node/internal/buffer.mjs": "50320a6bcf770f03428e77e5ba46b19f69842539c6493b89c6515ba1b0def6ee",
    "https://deno.land/std@0.168.0/node/internal/crypto/_keys.ts": "63229ff3d8d15b5bd0a1d2ebc19313cbb8ac969875bf16df1ce4f2b497d74fb5",
    "https://deno.land/std@0.168.0/node/internal/crypto/_randomBytes.ts": "0d80254f7be71aa3212956071d22f2cb2193aa1f957e48286f83ccf092abe4e5",
    "https://deno.land/std@0.168.0/node/internal/crypto/_randomFill.ts": "4d9157fd8a4894f98c125c5870bd93e0203442ec0e09908158ebff2a71b4872e",
    "https://deno.land/std@0.168.0/node/internal/crypto/_randomInt.ts": "fddc02fb68e94f12a2023b0f98a8bf3a9eecfd7118633eebb752b6387e8f3baf",
    "https://deno.land/std@0.168.0/node/internal/crypto/certificate.ts": "e0660db45a9ff176c6f6cdf1b8ccceca535790afe37901e4c8abcbf419b1f68d",
    "https://deno.land/std@0.168.0/node/internal/crypto/cipher.ts": "68887462421f4f3e63762206b5e88ad88e77ae652e3a785263bb20cee8b80634",
    "https://deno.land/std@0.168.0/node/internal/crypto/constants.ts": "d2c8821977aef55e4d66414d623c24a2447791a8b49b6404b8db32d81e20c315",
    "https://deno.land/std@0.168.0/node/internal/crypto/diffiehellman.ts": "cccd7359947dfbc495bdf23f90c6cd94dbd0dfe70baa0f31e1fd0440b4319e92",
    "https://deno.land/std@0.168.0/node/internal/crypto/hash.ts": "80bae847bf409dc0f7e0bb1645b776956d70a5b26c2daf7eba4e629a4aebfde3",
    "https://deno.land/std@0.168.0/node/internal/crypto/hkdf.ts": "4e4221437b95fea095a2b9d869565e8d545a135f8bbaa6a8667998185b67fc1e",
    "https://deno.land/std@0.168.0/node/internal/crypto/keygen.ts": "067c4e23b0f50b12522edea98db8de83434f0aa344bc23c3d07297c5d62483e4",
    "https://deno.land/std@0.168.0/node/internal/crypto/keys.ts": "e3cf124162b0e116544b7c3741cff39ea8e935314bc26e08d6e02414392fd8bb",
    "https://deno.land/std@0.168.0/node/internal/crypto/pbkdf2.ts": "bed16fa96c93a4ac397473590c21f58c50e4333a96c85bed1cff00431bf2f33c",
    "https://deno.land/std@0.168.0/node/internal/crypto/random.ts": "6e3fe98367b3715a1f9039f7291a75840f1b903d4b411ce7b44ff671e64d3572",
    "https://deno.land/std@0.168.0/node/internal/crypto/scrypt.ts": "120ae83f72ddcee6c6af8db3593a86aa0c926f9e563f66b0ccc303526887f337",
    "https://deno.land/std@0.168.0/node/internal/crypto/sig.ts": "9d86ae6d210a23ce379b1f85a2226d9ba0279699b643a43070d1bd94c3c452e8",
    "https://deno.land/std@0.168.0/node/internal/crypto/types.ts": "51201006692f584f860cad16ce20f48e74c0a4a9d3e26e31fda1b48791033ae1",
    "https://deno.land/std@0.168.0/node/internal/crypto/util.ts": "ac3533ebc4a0136495d95f20dc3b5ea209e6693b973373f6c13ce021b42fed57",
    "https://deno.land/std@0.168.0/node/internal/crypto/x509.ts": "8fcc114549ee0e9aca22fbddaf2f59cf7feeeb74c0189b1035d3d223a01dbd09",
    "https://deno.land/std@0.168.0/node/internal/error_codes.ts": "ac03c4eae33de3a69d6c98e8678003207eecf75a6900eb847e3fea3c8c9e6d8f",
    "https://deno.land/std@0.168.0/node/internal/errors.ts": "b9aec7d1fe3eaf21322d0ea9dc2fcb344055d6b0c7a1bd0f62a0c379a5baa799",
    "https://deno.land/std@0.168.0/node/internal/fixed_queue.ts": "455b3c484de48e810b13bdf95cd1658ecb1ba6bcb8b9315ffe994efcde3ba5f5",
    "https://deno.land/std@0.168.0/node/internal/hide_stack_frames.ts": "a91962ec84610bc7ec86022c4593cdf688156a5910c07b5bcd71994225c13a03",
    "https://deno.land/std@0.168.0/node/internal/normalize_encoding.mjs": "3779ec8a7adf5d963b0224f9b85d1bc974a2ec2db0e858396b5d3c2c92138a0a",
    "https://deno.land/std@0.168.0/node/internal/options.ts": "a23c285975e058cb26a19abcb048cd8b46ab12d21cfb028868ac8003fffb43ac",
    "https://deno.land/std@0.168.0/node/internal/primordials.mjs": "7cf5afe471583e4a384eeea109bdff276b6b7f3a3af830f99f951fb7d57ef423",
    "https://deno.land/std@0.168.0/node/internal/streams/destroy.mjs": "9c9bbeb172a437041d529829f433df72cf0b63ae49f3ee6080a55ffbef7572ad",
    "https://deno.land/std@0.168.0/node/internal/streams/end-of-stream.mjs": "38be76eaceac231dfde643e72bc0940625446bf6d1dbd995c91c5ba9fd59b338",
    "https://deno.land/std@0.168.0/node/internal/streams/utils.mjs": "a0a6b93a7e68ef52bef4ed00b0c82bb7e335abf360af57335b07c6a3fcdde717",
    "https://deno.land/std@0.168.0/node/internal/streams/writable.mjs": "b4d2069f0403dd4a0008d315de924b1d78e5135107a2eb41c41d04c3981791fc",
    "https://deno.land/std@0.168.0/node/internal/util.mjs": "35d24fb775468cd24443bcf0ec68904b8aa44e5b53845491a5e3382421917f9a",
    "https://deno.land/std@0.168.0/node/internal/util/inspect.mjs": "1ddace0c97719d2cc0869ba177d375e96051301352ec235cbfb2ecbfcd4e8fba",
    "https://deno.land/std@0.168.0/node/internal/util/types.ts": "5b15a8051a6e58b6c1a424e0e7137b77b0ef60409d54d05db22a97e0d1d5b589",
    "https://deno.land/std@0.168.0/node/internal/validators.mjs": "67deae0f488d013c8bf485742a5478112b8e48837cb2458c4a8b2669cf7017db",
    "https://deno.land/std@0.168.0/node/internal_binding/_libuv_winerror.ts": "801e05c2742ae6cd42a5f0fd555a255a7308a65732551e962e5345f55eedc519",
    "https://deno.land/std@0.168.0/node/internal_binding/_node.ts": "e4075ba8a37aef4eb5b592c8e3807c39cb49ca8653faf8e01a43421938076c1b",
    "https://deno.land/std@0.168.0/node/internal_binding/_timingSafeEqual.ts": "80640f055101071cb3680a2d8a1fead5fd260ca8bf183efb94296b69463e06cd",
    "https://deno.land/std@0.168.0/node/internal_binding/_utils.ts": "1c50883b5751a9ea1b38951e62ed63bacfdc9d69ea665292edfa28e1b1c5bd94",
    "https://deno.land/std@0.168.0/node/internal_binding/_winerror.ts": "8811d4be66f918c165370b619259c1f35e8c3e458b8539db64c704fbde0a7cd2",
    "https://deno.land/std@0.168.0/node/internal_binding/buffer.ts": "dfba9e1a50b637cfd72e569aa11959dcaf626b898ab7e851d21526a2bdaec588",
    "https://deno.land/std@0.168.0/node/internal_binding/constants.ts": "1ad4de9f76733320527c8bc841b5e4dd5869424924384157a72f3b171bd05b08",
    "https://deno.land/std@0.168.0/node/internal_binding/crypto.ts": "d7f39700dc020364edf7f4785e5026bb91f099ce1bd02734182451b1af300c8c",
    "https://deno.land/std@0.168.0/node/internal_binding/node_options.ts": "b098e6a1c80fa5003a1669c6828539167ab19337e13d20a47b610144cb888cef",
    "https://deno.land/std@0.168.0/node/internal_binding/string_decoder.ts": "5cb1863763d1e9b458bc21d6f976f16d9c18b3b3f57eaf0ade120aee38fba227",
    "https://deno.land/std@0.168.0/node/internal_binding/types.ts": "69000b1b92e0ca999c737f5add38827742b3ca3fe37a2389c80290de0ae6ef01",
    "https://deno.land/std@0.168.0/node/internal_binding/util.ts": "faf5146c3cc3b2d6c26026a818b4a16e91488ab26e63c069f36ba3c3ae24c97b",
    "https://deno.land/std@0.168.0/node/internal_binding/uv.ts": "27922aaec43de314afd99dfca1ce8f4d51ced9f5195e4917b54d387766404f61",
    "https://deno.land/std@0.168.0/node/stream.ts": "2c6d5d207d0ad295f396b34fd03a908c1638beb1754bc9c1fccd9a4cdcace8be",
    "https://deno.land/std@0.168.0/node/string_decoder.ts": "7b6aaf9f98934fa33f89d7183a03858c0d1961870725d4ba39aa7cc137a9e9a1",
    "https://deno.land/std@0.190.0/_util/asserts.ts": "178dfc49a464aee693a7e285567b3d0b555dc805ff490505a8aae34f9cfb1462",
    "https://deno.land/std@0.190.0/async/abortable.ts": "fd682fa46f3b7b16b4606a5ab52a7ce309434b76f820d3221bdfb862719a15d7",
    "https://deno.land/std@0.190.0/async/deadline.ts": "58f72a3cc0fcb731b2cc055ba046f4b5be3349ff6bf98f2e793c3b969354aab2",
    "https://deno.land/std@0.190.0/async/debounce.ts": "adab11d04ca38d699444ac8a9d9856b4155e8dda2afd07ce78276c01ea5a4332",
    "https://deno.land/std@0.190.0/async/deferred.ts": "42790112f36a75a57db4a96d33974a936deb7b04d25c6084a9fa8a49f135def8",
    "https://deno.land/std@0.190.0/async/delay.ts": "73aa04cec034c84fc748c7be49bb15cac3dd43a57174bfdb7a4aec22c248f0dd",
    "https://deno.land/std@0.190.0/async/mod.ts": "f04344fa21738e5ad6bea37a6bfffd57c617c2d372bb9f9dcfd118a1b622e576",
    "https://deno.land/std@0.190.0/async/mux_async_iterator.ts": "70c7f2ee4e9466161350473ad61cac0b9f115cff4c552eaa7ef9d50c4cbb4cc9",
    "https://deno.land/std@0.190.0/async/pool.ts": "f1b8d3df4d7fd3c73f8cbc91cc2e8b8e950910f1eab94230b443944d7584c657",
    "https://deno.land/std@0.190.0/async/retry.ts": "c9248325ec08cc2cceb7618472e77589a51a25cee460e07b6096be34966c2ead",
    "https://deno.land/std@0.190.0/async/tee.ts": "47e42d35f622650b02234d43803d0383a89eb4387e1b83b5a40106d18ae36757",
    "https://deno.land/std@0.190.0/crypto/_fnv/fnv32.ts": "e4649dfdefc5c987ed53c3c25db62db771a06d9d1b9c36d2b5cf0853b8e82153",
    "https://deno.land/std@0.190.0/crypto/_fnv/fnv64.ts": "bfa0e4702061fdb490a14e6bf5f9168a22fb022b307c5723499469bfefca555e",
    "https://deno.land/std@0.190.0/crypto/_fnv/mod.ts": "f956a95f58910f223e420340b7404702ecd429603acd4491fa77af84f746040c",
    "https://deno.land/std@0.190.0/crypto/_fnv/util.ts": "accba12bfd80a352e32a872f87df2a195e75561f1b1304a4cb4f5a4648d288f9",
    "https://deno.land/std@0.190.0/crypto/_wasm/lib/deno_std_wasm_crypto.generated.mjs": "bdd70a6183c6bdabc086ec2a5f828c86711b4201f1ba7954fc78385a664e8fae",
    "https://deno.land/std@0.190.0/crypto/_wasm/mod.ts": "e2df88236fc061eac7a89e8cb0b97843f5280b08b2a990e473b7397a3e566003",
    "https://deno.land/std@0.190.0/crypto/crypto.ts": "9895c267ed0107ef613244f6a88cef40a21da159d52b5d90aceca46fd2684bb1",
    "https://deno.land/std@0.190.0/crypto/keystack.ts": "877ab0f19eb7d37ad6495190d3c3e39f58e9c52e0b6a966f82fd6df67ca55f90",
    "https://deno.land/std@0.190.0/crypto/mod.ts": "ae384519e85eca9aeff4e7111ed153df8f3dbda7b35b70850ed4b3e9c8cec4d5",
    "https://deno.land/std@0.190.0/crypto/timing_safe_equal.ts": "0fae34ee02264f309ae0b6e54e9746a7aba3996e5454903ed106967a7a9ef665",
    "https://deno.land/std@0.190.0/crypto/to_hash_string.ts": "6927c768f3e373a1be4a31555a45ccecf7bd413105455cc334ad3f908cfa986f",
    "https://deno.land/std@0.190.0/encoding/base64.ts": "144ae6234c1fbe5b68666c711dc15b1e9ee2aef6d42b3b4345bf9a6c91d70d0d",
    "https://deno.land/std@0.190.0/encoding/base64url.ts": "2ed4ba122b20fedf226c5d337cf22ee2024fa73a8f85d915d442af7e9ce1fae1",
    "https://deno.land/std@0.190.0/encoding/hex.ts": "b4b1a7cb678745b0bf181ed8cf2498c7be00d121a7de244b752fbf9c7d9c48cd",
    "https://deno.land/std@0.190.0/http/server.ts": "1b23463b5b36e4eebc495417f6af47a6f7d52e3294827a1226d2a1aab23d9d20",
    "https://deno.land/std@0.99.0/_util/assert.ts": "2f868145a042a11d5ad0a3c748dcf580add8a0dbc0e876eaa0026303a5488f58",
    "https://deno.land/std@0.99.0/_util/os.ts": "e282950a0eaa96760c0cf11e7463e66babd15ec9157d4c9ed49cc0925686f6a7",
    "https://deno.land/std@0.99.0/path/_constants.ts": "1247fee4a79b70c89f23499691ef169b41b6ccf01887a0abd131009c5581b853",
    "https://deno.land/std@0.99.0/path/_interface.ts": "1fa73b02aaa24867e481a48492b44f2598cd9dfa513c7b34001437007d3642e4",
    "https://deno.land/std@0.99.0/path/_util.ts": "2e06a3b9e79beaf62687196bd4b60a4c391d862cfa007a20fc3a39f778ba073b",
    "https://deno.land/std@0.99.0/path/common.ts": "eaf03d08b569e8a87e674e4e265e099f237472b6fd135b3cbeae5827035ea14a",
    "https://deno.land/std@0.99.0/path/glob.ts": "314ad9ff263b895795208cdd4d5e35a44618ca3c6dd155e226fb15d065008652",
    "https://deno.land/std@0.99.0/path/mod.ts": "4465dc494f271b02569edbb4a18d727063b5dbd6ed84283ff906260970a15d12",
    "https://deno.land/std@0.99.0/path/posix.ts": "f56c3c99feb47f30a40ce9d252ef6f00296fa7c0fcb6dd81211bdb3b8b99ca3b",
    "https://deno.land/std@0.99.0/path/separator.ts": "8fdcf289b1b76fd726a508f57d3370ca029ae6976fcde5044007f062e643ff1c",
    "https://deno.land/std@0.99.0/path/win32.ts": "77f7b3604e0de40f3a7c698e8a79e7f601dc187035a1c21cb1e596666ce112f8",
    "https://deno.land/x/media_types@v2.9.0/db.ts": "ba39cddbcefce47d577c0529066787a3a7b39d27750a6d32b5ad53ed487e7b7b",
    "https://deno.land/x/media_types@v2.9.0/deps.ts": "364b24c35845cfd5c6903ab22b8ba9873bf1022bbbf6bf3d001695332d4bbb4f",
    "https://deno.land/x/media_types@v2.9.0/mod.ts": "d63583b978d32eff8b76e1ae5d83cba2fb27baa90cc1bcb0ad15a06122ea8c19",
    "https://deno.land/x/xhr@0.1.0/mod.ts": "5200325d879e571961f0927e8e32e66fd33f4ba0d29a219560cf9e0fe9bc6cdf",
    "https://esm.sh/@anthropic-ai/sdk@0.74.0": "71a06272c8ae38bac5eb1f594039cfde462fb7cc00ccf55f13bc0d5061303830",
    "https://esm.sh/@supabase/supabase-js@2.49.4": "d52c4d06946766d328fdd0ac2e007f52bb6d2ef7ce6103ad9f0f57d92b73e978",
    "https://esm.sh/@supabase/supabase-js@2.98.0": "7c91584aa8d7c3b272be04122a907e00a7028a20d0eaf5e40b2eb1eed10f06b3",
    "https://esm.sh/fetch-blob@3.2.0/from.js": "aa91ebb7c56576b2ef4b65c1c609de98a0f3c51ec2dac0736bdf3ad09c07ffa0",
    "https://esm.sh/fflate@0.8.2": "e0cdd268850b4eac9ef9f188a3b4c5c9dd3ebd0f66c4006a13911b2a0c0512bb",
    "https://esm.sh/formdata-polyfill@4.0.10/esm.min.js": "1ac76051dd150f7e961b625426616a4cdabe1862a9916a18140fdcc8f19f9a7e",
    "https://esm.sh/openai@4.77.0": "11d3b65d492e0898b125676d62ebea9967a7a2c7e9964ba44df56008f9e71ada",
    "https://esm.sh/pdf-lib@1.17.1": "cf7c5527829cb9bbb3aa20d339c530067441c10eb98880360aea9e77c3c87ff8",
    "https://esm.sh/resend@2.0.0": "b222433340dc6655ed294a343815916b5a5ceeac999f07f627a5614a87cd9fe4",
    "https://esm.sh/stripe@14.21.0?target=deno": "c68b76780452938e9bbae9e312323e97869ccbdafeb83ddf372746ffa52f6b66",
    "https://esm.sh/undici-types@7.21.0/handlers": "fabf6997a3adf11e45d11e3c4d58d0634ab98f9d72f3116f3694123818ccd457",
    "https://esm.sh/undici-types@7.21.0/retry-handler": "fabf6997a3adf11e45d11e3c4d58d0634ab98f9d72f3116f3694123818ccd457",
    "https://esm.sh/undici@7.21.0/types/handlers": "fabf6997a3adf11e45d11e3c4d58d0634ab98f9d72f3116f3694123818ccd457",
    "https://esm.sh/undici@7.21.0/types/retry-handler": "fabf6997a3adf11e45d11e3c4d58d0634ab98f9d72f3116f3694123818ccd457",
    "https://esm.sh/xlsx@0.18.5": "feaad96c2697fd87d8d2cbf00030869f6f3cb87afc6f58c92602f1e33309dc03"
  },
  "workspace": {
    "packageJson": {
      "dependencies": [
        "npm:@dnd-kit/core@^6.3.1",
        "npm:@dnd-kit/sortable@10",
        "npm:@dnd-kit/utilities@^3.2.2",
        "npm:@eslint/js@^9.32.0",
        "npm:@hookform/resolvers@^3.10.0",
        "npm:@playwright/test@^1.58.2",
        "npm:@radix-ui/react-accordion@^1.2.11",
        "npm:@radix-ui/react-alert-dialog@^1.1.14",
        "npm:@radix-ui/react-aspect-ratio@^1.1.7",
        "npm:@radix-ui/react-avatar@^1.1.10",
        "npm:@radix-ui/react-checkbox@^1.3.2",
        "npm:@radix-ui/react-collapsible@^1.1.11",
        "npm:@radix-ui/react-context-menu@^2.2.15",
        "npm:@radix-ui/react-dialog@^1.1.14",
        "npm:@radix-ui/react-dropdown-menu@^2.1.15",
        "npm:@radix-ui/react-hover-card@^1.1.14",
        "npm:@radix-ui/react-label@^2.1.7",
        "npm:@radix-ui/react-menubar@^1.1.15",
        "npm:@radix-ui/react-navigation-menu@^1.2.13",
        "npm:@radix-ui/react-popover@^1.1.14",
        "npm:@radix-ui/react-progress@^1.1.7",
        "npm:@radix-ui/react-radio-group@^1.3.7",
        "npm:@radix-ui/react-scroll-area@^1.2.9",
        "npm:@radix-ui/react-select@^2.2.5",
        "npm:@radix-ui/react-separator@^1.1.7",
        "npm:@radix-ui/react-slider@^1.3.5",
        "npm:@radix-ui/react-slot@^1.2.3",
        "npm:@radix-ui/react-switch@^1.2.5",
        "npm:@radix-ui/react-tabs@^1.1.12",
        "npm:@radix-ui/react-toast@^1.2.14",
        "npm:@radix-ui/react-toggle-group@^1.1.10",
        "npm:@radix-ui/react-toggle@^1.1.9",
        "npm:@radix-ui/react-tooltip@^1.2.7",
        "npm:@supabase/supabase-js@^2.98.0",
        "npm:@tailwindcss/typography@~0.5.16",
        "npm:@tanstack/query-persist-client-core@^5.91.19",
        "npm:@tanstack/react-query@^5.83.0",
        "npm:@testing-library/dom@^10.4.1",
        "npm:@testing-library/jest-dom@^6.9.1",
        "npm:@testing-library/react@^16.3.2",
        "npm:@tiptap/core@^3.22.4",
        "npm:@tiptap/extension-highlight@^3.22.4",
        "npm:@tiptap/extension-image@^3.22.4",
        "npm:@tiptap/extension-link@^3.22.4",
        "npm:@tiptap/extension-mention@^3.22.4",
        "npm:@tiptap/extension-placeholder@^3.22.4",
        "npm:@tiptap/extension-task-item@^3.22.4",
        "npm:@tiptap/extension-task-list@^3.22.4",
        "npm:@tiptap/extension-text-align@^3.22.4",
        "npm:@tiptap/extension-typography@^3.22.4",
        "npm:@tiptap/extension-underline@^3.22.4",
        "npm:@tiptap/pm@^3.22.4",
        "npm:@tiptap/react@^3.22.4",
        "npm:@tiptap/starter-kit@^3.22.4",
        "npm:@tiptap/suggestion@^3.22.4",
        "npm:@types/canvas-confetti@^1.9.0",
        "npm:@types/dompurify@^3.0.5",
        "npm:@types/node@^22.16.5",
        "npm:@types/react-dom@^18.3.7",
        "npm:@types/react@^18.3.23",
        "npm:@types/uuid@10",
        "npm:@vitejs/plugin-react-swc@^3.11.0",
        "npm:@vitest/coverage-v8@^4.0.18",
        "npm:autoprefixer@^10.4.21",
        "npm:canvas-confetti@^1.9.4",
        "npm:class-variance-authority@~0.7.1",
        "npm:clsx@^2.1.1",
        "npm:cmdk@^1.1.1",
        "npm:date-fns@^3.6.0",
        "npm:dompurify@^3.3.1",
        "npm:embla-carousel-react@^8.6.0",
        "npm:emoji-picker-react@^4.17.4",
        "npm:eslint-plugin-react-hooks@^5.2.0",
        "npm:eslint-plugin-react-refresh@~0.4.20",
        "npm:eslint@^9.32.0",
        "npm:framer-motion@^12.35.1",
        "npm:globals@^15.15.0",
        "npm:happy-dom@^20.7.0",
        "npm:i18next-browser-languagedetector@^8.2.1",
        "npm:i18next@^26.0.6",
        "npm:input-otp@^1.4.2",
        "npm:jsdom@^28.1.0",
        "npm:jspdf@4",
        "npm:lovable-tagger@^1.1.13",
        "npm:lucide-react@0.462",
        "npm:next-themes@0.3",
        "npm:openai@^4.52.5",
        "npm:playwright@^1.58.2",
        "npm:postcss@^8.5.6",
        "npm:qrcode.react@^4.2.0",
        "npm:react-day-picker@^8.10.1",
        "npm:react-dom@^18.3.1",
        "npm:react-hook-form@^7.61.1",
        "npm:react-i18next@^17.0.4",
        "npm:react-markdown@^10.1.0",
        "npm:react-resizable-panels@^2.1.9",
        "npm:react-router-dom@^6.30.1",
        "npm:react@^18.3.1",
        "npm:recharts@^2.15.4",
        "npm:remark-gfm@^4.0.1",
        "npm:signature_pad@^5.1.3",
        "npm:sonner@^1.7.4",
        "npm:tailwind-merge@^2.6.0",
        "npm:tailwindcss-animate@^1.0.7",
        "npm:tailwindcss@^3.4.17",
        "npm:tippy.js@^6.3.7",
        "npm:tus-js-client@^4.2.3",
        "npm:typescript-eslint@^8.38.0",
        "npm:typescript@^5.8.3",
        "npm:uuid@13",
        "npm:vaul@~0.9.9",
        "npm:vite@^5.4.19",
        "npm:vitest@^4.0.18",
        "npm:zod@^3.25.76"
      ]
    }
  }
}
